
Microsoft Visual Studio Solution File, Format Version 12.00
# Visual Studio Version 17
VisualStudioVersion = 17.8.34330.188
MinimumVisualStudioVersion = 10.0.40219.1
Project("{FAE04EC0-301F-11D3-BF4B-00C04F79EFBC}") = "PetLovers", "PetLovers\PetLovers.csproj", "{E8795A18-F5E8-4505-A755-DD4D063F328B}"
EndProject
Global
	GlobalSection(SolutionConfigurationPlatforms) = preSolution
		Debug|Any CPU = Debug|Any CPU
		Release|Any CPU = Release|Any CPU
	EndGlobalSection
	GlobalSection(ProjectConfigurationPlatforms) = postSolution
		{E8795A18-F5E8-4505-A755-DD4D063F328B}.Debug|Any CPU.ActiveCfg = Debug|Any CPU
		{E8795A18-F5E8-4505-A755-DD4D063F328B}.Debug|Any CPU.Build.0 = Debug|Any CPU
		{E8795A18-F5E8-4505-A755-DD4D063F328B}.Debug|Any CPU.Deploy.0 = Debug|Any CPU
		{E8795A18-F5E8-4505-A755-DD4D063F328B}.Release|Any CPU.ActiveCfg = Release|Any CPU
		{E8795A18-F5E8-4505-A755-DD4D063F328B}.Release|Any CPU.Build.0 = Release|Any CPU
		{E8795A18-F5E8-4505-A755-DD4D063F328B}.Release|Any CPU.Deploy.0 = Release|Any CPU
	EndGlobalSection
	GlobalSection(SolutionProperties) = preSolution
		HideSolutionNode = FALSE
	EndGlobalSection
	GlobalSection(ExtensibilityGlobals) = postSolution
		SolutionGuid = {895964FF-074F-423D-B7EF-E73350EF023D}
	EndGlobalSection
EndGlobal
